
Microsoft Visual Studio Solution File, Format Version 12.00
# Visual Studio 15
VisualStudioVersion = 15.0.26730.8
MinimumVisualStudioVersion = 10.0.40219.1
Project("{2150E333-8FDC-42A3-9474-1A3956D46DE8}") = "Chage Request", "Chage Request", "{6641666A-2E18-47C6-AEBC-42231A0A1486}"
EndProject
Project("{FAE04EC0-301F-11D3-BF4B-00C04F79EFBC}") = "ChangeRequest.API", "ChangeRequest.API\ChangeRequest.API.csproj", "{C2FB682E-CF0C-409C-9CC5-6036776A8FD3}"
EndProject
Project("{FAE04EC0-301F-11D3-BF4B-00C04F79EFBC}") = "ChangeRequest.Domain", "ChangeRequest.Domain\ChangeRequest.Domain.csproj", "{508B97F8-F2EF-4D46-942E-CA0C2723C20C}"
EndProject
Project("{FAE04EC0-301F-11D3-BF4B-00C04F79EFBC}") = "ChangeRequest.Integration", "ChangeRequest.Integration\ChangeRequest.Integration.csproj", "{E563B327-BE9D-4422-B46D-E212C7273F15}"
EndProject
Project("{FAE04EC0-301F-11D3-BF4B-00C04F79EFBC}") = "ChangeRequest.Infrastructure", "ChangeRequest.Infrastructure\ChangeRequest.Infrastructure.csproj", "{F9BCBAF8-8A77-435A-812D-75C8B94BA715}"
EndProject
Global
	GlobalSection(SolutionConfigurationPlatforms) = preSolution
		Debug|Any CPU = Debug|Any CPU
		Release|Any CPU = Release|Any CPU
	EndGlobalSection
	GlobalSection(ProjectConfigurationPlatforms) = postSolution
		{C2FB682E-CF0C-409C-9CC5-6036776A8FD3}.Debug|Any CPU.ActiveCfg = Debug|Any CPU
		{C2FB682E-CF0C-409C-9CC5-6036776A8FD3}.Debug|Any CPU.Build.0 = Debug|Any CPU
		{C2FB682E-CF0C-409C-9CC5-6036776A8FD3}.Release|Any CPU.ActiveCfg = Release|Any CPU
		{C2FB682E-CF0C-409C-9CC5-6036776A8FD3}.Release|Any CPU.Build.0 = Release|Any CPU
		{508B97F8-F2EF-4D46-942E-CA0C2723C20C}.Debug|Any CPU.ActiveCfg = Debug|Any CPU
		{508B97F8-F2EF-4D46-942E-CA0C2723C20C}.Debug|Any CPU.Build.0 = Debug|Any CPU
		{508B97F8-F2EF-4D46-942E-CA0C2723C20C}.Release|Any CPU.ActiveCfg = Release|Any CPU
		{508B97F8-F2EF-4D46-942E-CA0C2723C20C}.Release|Any CPU.Build.0 = Release|Any CPU
		{E563B327-BE9D-4422-B46D-E212C7273F15}.Debug|Any CPU.ActiveCfg = Debug|Any CPU
		{E563B327-BE9D-4422-B46D-E212C7273F15}.Debug|Any CPU.Build.0 = Debug|Any CPU
		{E563B327-BE9D-4422-B46D-E212C7273F15}.Release|Any CPU.ActiveCfg = Release|Any CPU
		{E563B327-BE9D-4422-B46D-E212C7273F15}.Release|Any CPU.Build.0 = Release|Any CPU
		{F9BCBAF8-8A77-435A-812D-75C8B94BA715}.Debug|Any CPU.ActiveCfg = Debug|Any CPU
		{F9BCBAF8-8A77-435A-812D-75C8B94BA715}.Debug|Any CPU.Build.0 = Debug|Any CPU
		{F9BCBAF8-8A77-435A-812D-75C8B94BA715}.Release|Any CPU.ActiveCfg = Release|Any CPU
		{F9BCBAF8-8A77-435A-812D-75C8B94BA715}.Release|Any CPU.Build.0 = Release|Any CPU
	EndGlobalSection
	GlobalSection(SolutionProperties) = preSolution
		HideSolutionNode = FALSE
	EndGlobalSection
	GlobalSection(NestedProjects) = preSolution
		{C2FB682E-CF0C-409C-9CC5-6036776A8FD3} = {6641666A-2E18-47C6-AEBC-42231A0A1486}
		{508B97F8-F2EF-4D46-942E-CA0C2723C20C} = {6641666A-2E18-47C6-AEBC-42231A0A1486}
		{E563B327-BE9D-4422-B46D-E212C7273F15} = {6641666A-2E18-47C6-AEBC-42231A0A1486}
		{F9BCBAF8-8A77-435A-812D-75C8B94BA715} = {6641666A-2E18-47C6-AEBC-42231A0A1486}
	EndGlobalSection
	GlobalSection(ExtensibilityGlobals) = postSolution
		SolutionGuid = {E44F4D9E-8DED-4775-9566-11268BDABD84}
	EndGlobalSection
EndGlobal
